
Microsoft Visual Studio Solution File, Format Version 12.00
# Visual Studio Version 16
VisualStudioVersion = 16.0.31313.79
MinimumVisualStudioVersion = 10.0.40219.1
Project("{FAE04EC0-301F-11D3-BF4B-00C04F79EFBC}") = "DDNS-Sharp", "DDNS-Sharp\DDNS-Sharp.csproj", "{142B4764-9205-41A5-A169-5294F9705737}"
EndProject
Global
	GlobalSection(SolutionConfigurationPlatforms) = preSolution
		Debug|Any CPU = Debug|Any CPU
		Release|Any CPU = Release|Any CPU
	EndGlobalSection
	GlobalSection(ProjectConfigurationPlatforms) = postSolution
		{142B4764-9205-41A5-A169-5294F9705737}.Debug|Any CPU.ActiveCfg = Debug|Any CPU
		{142B4764-9205-41A5-A169-5294F9705737}.Debug|Any CPU.Build.0 = Debug|Any CPU
		{142B4764-9205-41A5-A169-5294F9705737}.Release|Any CPU.ActiveCfg = Release|Any CPU
		{142B4764-9205-41A5-A169-5294F9705737}.Release|Any CPU.Build.0 = Release|Any CPU
	EndGlobalSection
	GlobalSection(SolutionProperties) = preSolution
		HideSolutionNode = FALSE
	EndGlobalSection
	GlobalSection(ExtensibilityGlobals) = postSolution
		SolutionGuid = {A16CE9FB-1D8C-4DDC-B6CF-64BC9155F1BF}
	EndGlobalSection
EndGlobal
